
Microsoft Visual Studio Solution File, Format Version 12.00
# Visual Studio Version 17
VisualStudioVersion = 17.12.35514.174 d17.12
MinimumVisualStudioVersion = 10.0.40219.1
Project("{8BC9CEB8-8B4A-11D0-8D11-00A0C91BC942}") = "Sandbox", "Sandbox\Sandbox.vcxproj", "{02EEA888-18E2-4191-B549-C9918526FDF9}"
EndProject
Project("{8BC9CEB8-8B4A-11D0-8D11-00A0C91BC942}") = "Hazel", "Hazel\Hazel.vcxproj", "{B9493E1E-8D9A-4F08-8F68-DBD508442269}"
EndProject
Global
	GlobalSection(SolutionConfigurationPlatforms) = preSolution
		Debug|x64 = Debug|x64
		Release|x64 = Release|x64
	EndGlobalSection
	GlobalSection(ProjectConfigurationPlatforms) = postSolution
		{B9493E1E-8D9A-4F08-8F68-DBD508442269}.Debug|x64.ActiveCfg = Debug|x64
		{B9493E1E-8D9A-4F08-8F68-DBD508442269}.Debug|x64.Build.0 = Debug|x64
		{B9493E1E-8D9A-4F08-8F68-DBD508442269}.Release|x64.ActiveCfg = Release|x64
		{B9493E1E-8D9A-4F08-8F68-DBD508442269}.Release|x64.Build.0 = Release|x64
		{02EEA888-18E2-4191-B549-C9918526FDF9}.Debug|x64.ActiveCfg = Debug|x64
		{02EEA888-18E2-4191-B549-C9918526FDF9}.Debug|x64.Build.0 = Debug|x64
		{02EEA888-18E2-4191-B549-C9918526FDF9}.Release|x64.ActiveCfg = Release|x64
		{02EEA888-18E2-4191-B549-C9918526FDF9}.Release|x64.Build.0 = Release|x64
	EndGlobalSection
	GlobalSection(SolutionProperties) = preSolution
		HideSolutionNode = FALSE
	EndGlobalSection
EndGlobal
